Microsoft Visual Studio Solution File, Format Version 12.00
# Visual Studio Version 17
VisualStudioVersion = 17.5.2.0
MinimumVisualStudioVersion = 10.0.40219.1
Project("{FAE04EC0-301F-11D3-BF4B-00C04F79EFBC}") = "TESArena", "TESArena.csproj", "{B1C7A484-80DB-F5E3-802D-1B682EB23CD5}"
EndProject
Global
	GlobalSection(SolutionConfigurationPlatforms) = preSolution
		Debug|Any CPU = Debug|Any CPU
		Release|Any CPU = Release|Any CPU
	EndGlobalSection
	GlobalSection(ProjectConfigurationPlatforms) = postSolution
		{B1C7A484-80DB-F5E3-802D-1B682EB23CD5}.Debug|Any CPU.ActiveCfg = Debug|Any CPU
		{B1C7A484-80DB-F5E3-802D-1B682EB23CD5}.Debug|Any CPU.Build.0 = Debug|Any CPU
		{B1C7A484-80DB-F5E3-802D-1B682EB23CD5}.Release|Any CPU.ActiveCfg = Release|Any CPU
		{B1C7A484-80DB-F5E3-802D-1B682EB23CD5}.Release|Any CPU.Build.0 = Release|Any CPU
	EndGlobalSection
	GlobalSection(SolutionProperties) = preSolution
		HideSolutionNode = FALSE
	EndGlobalSection
	GlobalSection(ExtensibilityGlobals) = postSolution
		SolutionGuid = {6220FFD4-5119-4151-A7FC-CC1F8C85C77B}
	EndGlobalSection
EndGlobal
